{
	"name": "@nodefony/realtime-bundle",
	"version": "4.0.0-beta.1",
	"lockfileVersion": 1,
	"requires": true,
	"dependencies": {
		"nanoid": {
			"version": "1.0.7",
			"resolved": "https://registry.npmjs.org/nanoid/-/nanoid-1.0.7.tgz",
			"integrity": "sha512-DCTnU68QAckm8vgPbFhM1XcK3/zX8LWL4/kEXzPH5w2qy2ibBWHig+685aF8ff8rd5lUXkhVB3W60pb4mbRcDA=="
		},
		"shortid": {
			"version": "2.2.10",
			"resolved": "https://registry.npmjs.org/shortid/-/shortid-2.2.10.tgz",
			"integrity": "sha512-eeiSfCwMWCBvKO19ToZQyqjGgKOEI9Plu676Sx8lrhNc/zCg7U6JzSYPt9wwnQDsbf400sAowenPNBC4dQ1KBA==",
			"requires": {
				"nanoid": "^1.0.7"
			}
		}
	}
}
