{
  "name": "@nodefony/realtime-bundle",
  "version": "4.0.0-beta.10",
  "lockfileVersion": 1,
  "requires": true,
  "dependencies": {
    "nanoid": {
      "version": "1.2.5",
      "resolved": "https://registry.npmjs.org/nanoid/-/nanoid-1.2.5.tgz",
      "integrity": "sha512-mOYdCQS3xdgu81Hg3EQEhORykMk53Pkzg15Y6I+O9T3db9qHPf9z6nXzQBCUaHXlQs57eRKotDTzYlYACL+5uA=="
    },
    "shortid": {
      "version": "2.2.13",
      "resolved": "https://registry.npmjs.org/shortid/-/shortid-2.2.13.tgz",
      "integrity": "sha512-dBuNnQGKrJNfjunmXI2X7bl1gnMO4PwbNxrTzO1JvilODmL7WyyCtA+DYxe9XunLXmxmgzFIvKPQ6XRAQrr46Q==",
      "requires": {
        "nanoid": "^1.0.7"
      }
    }
  }
}
