{
	"name": "@nodefony/realtime-bundle",
	"version": "4.0.0-beta.1",
	"lockfileVersion": 1,
	"requires": true,
	"dependencies": {
		"nanoid": {
			"version": "1.0.7",
			"resolved": "https://registry.npmjs.org/nanoid/-/nanoid-1.0.7.tgz",
			"integrity": "sha512-DCTnU68QAckm8vgPbFhM1XcK3/zX8LWL4/kEXzPH5w2qy2ibBWHig+685aF8ff8rd5lUXkhVB3W60pb4mbRcDA=="
		},
		"shortid": {
			"version": "2.2.11",
			"resolved": "https://registry.npmjs.org/shortid/-/shortid-2.2.11.tgz",
			"integrity": "sha512-uK/fkCpqyznl+ZIsFP1p0O91lXVczSwUyTQTSAJ06lU91HX+JR5gb1w3ZBUOJ5cB7d7llLxG5baSIrLQ6S3hdg==",
			"requires": {
				"nanoid": "^1.0.7"
			}
		}
	}
}
