lockfileVersion: 5.4

specifiers:
  shortid: ^2.2.16

dependencies:
  shortid: 2.2.16

packages:

  /nanoid/2.1.11:
    resolution: {integrity: sha512-s/snB+WGm6uwi0WjsZdaVcuf3KJXlfGl2LcxgwkEwJF0D/BWzVWAZW/XY4bFaiR7s0Jk3FPvlnepg1H1b1UwlA==}
    dev: false

  /shortid/2.2.16:
    resolution: {integrity: sha512-Ugt+GIZqvGXCIItnsL+lvFJOiN7RYqlGy7QE41O3YC1xbNSeDGIRO7xg2JJXIAj1cAGnOeC1r7/T9pgrtQbv4g==}
    dependencies:
      nanoid: 2.1.11
    dev: false
