# THIS IS AN AUTOGENERATED FILE. DO NOT EDIT THIS FILE DIRECTLY.
# yarn lockfile v1


nanoid@^2.0.0:
  version "2.0.3"
  resolved "https://registry.yarnpkg.com/nanoid/-/nanoid-2.0.3.tgz#dde999e173bc9d7bd2ee2746b89909ade98e075e"
  integrity sha512-NbaoqdhIYmY6FXDRB4eYtDVC9Z9eCbn8TyaiC16LNKtpPv/aqa0tOPD8y6gNE4yUNnaZ7LLhYtXOev/6+cBtfw==

shortid@^2.2.14:
  version "2.2.14"
  resolved "https://registry.yarnpkg.com/shortid/-/shortid-2.2.14.tgz#80db6aafcbc3e3a46850b3c88d39e051b84c8d18"
  integrity sha512-4UnZgr9gDdA1kaKj/38IiudfC3KHKhDc1zi/HSxd9FQDR0VLwH3/y79tZJLsVYPsJgIjeHjqIWaWVRJUj9qZOQ==
  dependencies:
    nanoid "^2.0.0"
