{
	"name": "@nodefony/http-bundle",
	"version": "4.0.0",
	"lockfileVersion": 1,
	"requires": true,
	"dependencies": {
		"mime": {
			"version": "2.3.1",
			"resolved": "https://registry.npmjs.org/mime/-/mime-2.3.1.tgz",
			"integrity": "sha512-OEUllcVoydBHGN1z84yfQDimn58pZNNNXgZlHXSboxMlFvgI6MXSWpWKpFRra7H1HxpVhHTkrghfRW49k6yjeg=="
		}
	}
}
